<?xml version="1.0" encoding="utf-8"?>
<Project ToolsVersion="4.0" xmlns="http://schemas.microsoft.com/developer/msbuild/2003">
  <ItemGroup>
    <Filter Include="testcase">
      <UniqueIdentifier>{9cd5019e-81a1-4d21-8eff-51c4a3d137ec}</UniqueIdentifier>
    </Filter>
    <Filter Include="testcase\net">
      <UniqueIdentifier>{a07d0b34-3e98-45cb-baf4-752d960f015c}</UniqueIdentifier>
    </Filter>
    <Filter Include="testcase\util">
      <UniqueIdentifier>{e5f7afbe-7867-4d16-b972-d28582691a23}</UniqueIdentifier>
    </Filter>
    <Filter Include="testcase\memory">
      <UniqueIdentifier>{d3fb4cc6-7470-4ebb-a572-9d1d44778bf0}</UniqueIdentifier>
    </Filter>
    <Filter Include="testcase\event">
      <UniqueIdentifier>{948bdaf6-1661-4c39-8f7b-1f4560d70b9d}</UniqueIdentifier>
    </Filter>
    <Filter Include="testcase\db">
      <UniqueIdentifier>{82ed5c78-81f6-4b62-ab44-4f7c60796334}</UniqueIdentifier>
    </Filter>
  </ItemGroup>
  <ItemGroup>
    <ClInclude Include="..\main.h" />
    <ClInclude Include="..\testipaddrs.h">
      <Filter>testcase\net</Filter>
    </ClInclude>
    <ClInclude Include="..\testtimer.h">
      <Filter>testcase\util</Filter>
    </ClInclude>
    <ClInclude Include="..\testsocket.h">
      <Filter>testcase\net</Filter>
    </ClInclude>
    <ClInclude Include="..\testpool.h">
      <Filter>testcase\memory</Filter>
    </ClInclude>
    <ClInclude Include="..\testsession.h">
      <Filter>testcase\event</Filter>
    </ClInclude>
    <ClInclude Include="..\testnode.h">
      <Filter>testcase\memory</Filter>
    </ClInclude>
    <ClInclude Include="..\testtokenizer.h">
      <Filter>testcase\util</Filter>
    </ClInclude>
    <ClInclude Include="..\testdb.h">
      <Filter>testcase\db</Filter>
    </ClInclude>
    <ClInclude Include="..\testringbuffer.h">
      <Filter>testcase\util</Filter>
    </ClInclude>
  </ItemGroup>
  <ItemGroup>
    <ClCompile Include="..\main.cpp" />
    <ClCompile Include="..\testipaddrs.cpp">
      <Filter>testcase\net</Filter>
    </ClCompile>
    <ClCompile Include="..\testtimer.cpp">
      <Filter>testcase\util</Filter>
    </ClCompile>
    <ClCompile Include="..\testsocket.cpp">
      <Filter>testcase\net</Filter>
    </ClCompile>
    <ClCompile Include="..\testpool.cpp">
      <Filter>testcase\memory</Filter>
    </ClCompile>
    <ClCompile Include="..\testsession.cpp">
      <Filter>testcase\event</Filter>
    </ClCompile>
    <ClCompile Include="..\testnode.cpp">
      <Filter>testcase\memory</Filter>
    </ClCompile>
    <ClCompile Include="..\testtokenizer.cpp">
      <Filter>testcase\util</Filter>
    </ClCompile>
    <ClCompile Include="..\testdb.cpp">
      <Filter>testcase\db</Filter>
    </ClCompile>
    <ClCompile Include="..\testringbuffer.cpp">
      <Filter>testcase\util</Filter>
    </ClCompile>
  </ItemGroup>
</Project>