Microsoft Visual Studio Solution File, Format Version 11.00
# Visual Studio 2010
Project("{8BC9CEB8-8B4A-11D0-8D11-00A0C91BC942}") = "ALL_BUILD", "ALL_BUILD.vcxproj", "{8B47B5C2-90B3-4DEA-B0E0-B1BFF23E071D}"
	ProjectSection(ProjectDependencies) = postProject
		{C641E771-EAAC-4AEB-91D9-7435B2B90EA8} = {C641E771-EAAC-4AEB-91D9-7435B2B90EA8}
		{257CC9F7-7EC8-45CA-8B32-B968CD08B2CC} = {257CC9F7-7EC8-45CA-8B32-B968CD08B2CC}
		{3D4AB3D7-247E-48EF-A4E1-EED5750903EB} = {3D4AB3D7-247E-48EF-A4E1-EED5750903EB}
	EndProjectSection
EndProject
Project("{8BC9CEB8-8B4A-11D0-8D11-00A0C91BC942}") = "INSTALL", "INSTALL.vcxproj", "{D4895FA5-444B-4898-B56D-C65A01B96C4B}"
	ProjectSection(ProjectDependencies) = postProject
		{8B47B5C2-90B3-4DEA-B0E0-B1BFF23E071D} = {8B47B5C2-90B3-4DEA-B0E0-B1BFF23E071D}
	EndProjectSection
EndProject
Project("{8BC9CEB8-8B4A-11D0-8D11-00A0C91BC942}") = "PACKAGE", "PACKAGE.vcxproj", "{887B498E-9E6F-402E-821A-D9D3B716984C}"
	ProjectSection(ProjectDependencies) = postProject
		{8B47B5C2-90B3-4DEA-B0E0-B1BFF23E071D} = {8B47B5C2-90B3-4DEA-B0E0-B1BFF23E071D}
	EndProjectSection
EndProject
Project("{8BC9CEB8-8B4A-11D0-8D11-00A0C91BC942}") = "ZERO_CHECK", "ZERO_CHECK.vcxproj", "{C641E771-EAAC-4AEB-91D9-7435B2B90EA8}"
	ProjectSection(ProjectDependencies) = postProject
	EndProjectSection
EndProject
Project("{8BC9CEB8-8B4A-11D0-8D11-00A0C91BC942}") = "meshmagick_bin", "meshmagick_bin.vcxproj", "{257CC9F7-7EC8-45CA-8B32-B968CD08B2CC}"
	ProjectSection(ProjectDependencies) = postProject
		{C641E771-EAAC-4AEB-91D9-7435B2B90EA8} = {C641E771-EAAC-4AEB-91D9-7435B2B90EA8}
		{3D4AB3D7-247E-48EF-A4E1-EED5750903EB} = {3D4AB3D7-247E-48EF-A4E1-EED5750903EB}
	EndProjectSection
EndProject
Project("{8BC9CEB8-8B4A-11D0-8D11-00A0C91BC942}") = "meshmagick_lib", "meshmagick_lib.vcxproj", "{3D4AB3D7-247E-48EF-A4E1-EED5750903EB}"
	ProjectSection(ProjectDependencies) = postProject
		{C641E771-EAAC-4AEB-91D9-7435B2B90EA8} = {C641E771-EAAC-4AEB-91D9-7435B2B90EA8}
	EndProjectSection
EndProject
Global
	GlobalSection(SolutionConfigurationPlatforms) = preSolution
		Debug|Win32 = Debug|Win32
		Release|Win32 = Release|Win32
		MinSizeRel|Win32 = MinSizeRel|Win32
		RelWithDebInfo|Win32 = RelWithDebInfo|Win32
	EndGlobalSection
	GlobalSection(ProjectConfigurationPlatforms) = postSolution
		{8B47B5C2-90B3-4DEA-B0E0-B1BFF23E071D}.Debug|Win32.ActiveCfg = Debug|Win32
		{8B47B5C2-90B3-4DEA-B0E0-B1BFF23E071D}.Debug|Win32.Build.0 = Debug|Win32
		{8B47B5C2-90B3-4DEA-B0E0-B1BFF23E071D}.Release|Win32.ActiveCfg = Release|Win32
		{8B47B5C2-90B3-4DEA-B0E0-B1BFF23E071D}.Release|Win32.Build.0 = Release|Win32
		{8B47B5C2-90B3-4DEA-B0E0-B1BFF23E071D}.MinSizeRel|Win32.ActiveCfg = MinSizeRel|Win32
		{8B47B5C2-90B3-4DEA-B0E0-B1BFF23E071D}.MinSizeRel|Win32.Build.0 = MinSizeRel|Win32
		{8B47B5C2-90B3-4DEA-B0E0-B1BFF23E071D}.RelWithDebInfo|Win32.ActiveCfg = RelWithDebInfo|Win32
		{8B47B5C2-90B3-4DEA-B0E0-B1BFF23E071D}.RelWithDebInfo|Win32.Build.0 = RelWithDebInfo|Win32
		{D4895FA5-444B-4898-B56D-C65A01B96C4B}.Debug|Win32.ActiveCfg = Debug|Win32
		{D4895FA5-444B-4898-B56D-C65A01B96C4B}.Release|Win32.ActiveCfg = Release|Win32
		{D4895FA5-444B-4898-B56D-C65A01B96C4B}.MinSizeRel|Win32.ActiveCfg = MinSizeRel|Win32
		{D4895FA5-444B-4898-B56D-C65A01B96C4B}.RelWithDebInfo|Win32.ActiveCfg = RelWithDebInfo|Win32
		{887B498E-9E6F-402E-821A-D9D3B716984C}.Debug|Win32.ActiveCfg = Debug|Win32
		{887B498E-9E6F-402E-821A-D9D3B716984C}.Release|Win32.ActiveCfg = Release|Win32
		{887B498E-9E6F-402E-821A-D9D3B716984C}.MinSizeRel|Win32.ActiveCfg = MinSizeRel|Win32
		{887B498E-9E6F-402E-821A-D9D3B716984C}.RelWithDebInfo|Win32.ActiveCfg = RelWithDebInfo|Win32
		{C641E771-EAAC-4AEB-91D9-7435B2B90EA8}.Debug|Win32.ActiveCfg = Debug|Win32
		{C641E771-EAAC-4AEB-91D9-7435B2B90EA8}.Debug|Win32.Build.0 = Debug|Win32
		{C641E771-EAAC-4AEB-91D9-7435B2B90EA8}.Release|Win32.ActiveCfg = Release|Win32
		{C641E771-EAAC-4AEB-91D9-7435B2B90EA8}.Release|Win32.Build.0 = Release|Win32
		{C641E771-EAAC-4AEB-91D9-7435B2B90EA8}.MinSizeRel|Win32.ActiveCfg = MinSizeRel|Win32
		{C641E771-EAAC-4AEB-91D9-7435B2B90EA8}.MinSizeRel|Win32.Build.0 = MinSizeRel|Win32
		{C641E771-EAAC-4AEB-91D9-7435B2B90EA8}.RelWithDebInfo|Win32.ActiveCfg = RelWithDebInfo|Win32
		{C641E771-EAAC-4AEB-91D9-7435B2B90EA8}.RelWithDebInfo|Win32.Build.0 = RelWithDebInfo|Win32
		{257CC9F7-7EC8-45CA-8B32-B968CD08B2CC}.Debug|Win32.ActiveCfg = Debug|Win32
		{257CC9F7-7EC8-45CA-8B32-B968CD08B2CC}.Debug|Win32.Build.0 = Debug|Win32
		{257CC9F7-7EC8-45CA-8B32-B968CD08B2CC}.Release|Win32.ActiveCfg = Release|Win32
		{257CC9F7-7EC8-45CA-8B32-B968CD08B2CC}.Release|Win32.Build.0 = Release|Win32
		{257CC9F7-7EC8-45CA-8B32-B968CD08B2CC}.MinSizeRel|Win32.ActiveCfg = MinSizeRel|Win32
		{257CC9F7-7EC8-45CA-8B32-B968CD08B2CC}.MinSizeRel|Win32.Build.0 = MinSizeRel|Win32
		{257CC9F7-7EC8-45CA-8B32-B968CD08B2CC}.RelWithDebInfo|Win32.ActiveCfg = RelWithDebInfo|Win32
		{257CC9F7-7EC8-45CA-8B32-B968CD08B2CC}.RelWithDebInfo|Win32.Build.0 = RelWithDebInfo|Win32
		{3D4AB3D7-247E-48EF-A4E1-EED5750903EB}.Debug|Win32.ActiveCfg = Debug|Win32
		{3D4AB3D7-247E-48EF-A4E1-EED5750903EB}.Debug|Win32.Build.0 = Debug|Win32
		{3D4AB3D7-247E-48EF-A4E1-EED5750903EB}.Release|Win32.ActiveCfg = Release|Win32
		{3D4AB3D7-247E-48EF-A4E1-EED5750903EB}.Release|Win32.Build.0 = Release|Win32
		{3D4AB3D7-247E-48EF-A4E1-EED5750903EB}.MinSizeRel|Win32.ActiveCfg = MinSizeRel|Win32
		{3D4AB3D7-247E-48EF-A4E1-EED5750903EB}.MinSizeRel|Win32.Build.0 = MinSizeRel|Win32
		{3D4AB3D7-247E-48EF-A4E1-EED5750903EB}.RelWithDebInfo|Win32.ActiveCfg = RelWithDebInfo|Win32
		{3D4AB3D7-247E-48EF-A4E1-EED5750903EB}.RelWithDebInfo|Win32.Build.0 = RelWithDebInfo|Win32
	EndGlobalSection
	GlobalSection(ExtensibilityGlobals) = postSolution
	EndGlobalSection
	GlobalSection(ExtensibilityAddIns) = postSolution
	EndGlobalSection
EndGlobal
