
Microsoft Visual Studio Solution File, Format Version 11.00
# Visual Studio 2010
Project("{8BC9CEB8-8B4A-11D0-8D11-00A0C91BC942}") = "libglog_static", "libglog_static.vcxproj", "{772C2111-BBBF-49E6-B912-198A7F7A88E5}"
EndProject
Project("{8BC9CEB8-8B4A-11D0-8D11-00A0C91BC942}") = "UseGlog", "..\UseGlog\UseGlog.vcxproj", "{F6381D5E-A5AF-4B9F-9FE0-9691A334BE42}"
EndProject
Global
	GlobalSection(SolutionConfigurationPlatforms) = preSolution
		Debug|Win32 = Debug|Win32
		Release|Win32 = Release|Win32
	EndGlobalSection
	GlobalSection(ProjectConfigurationPlatforms) = postSolution
		{772C2111-BBBF-49E6-B912-198A7F7A88E5}.Debug|Win32.ActiveCfg = Debug|Win32
		{772C2111-BBBF-49E6-B912-198A7F7A88E5}.Debug|Win32.Build.0 = Debug|Win32
		{772C2111-BBBF-49E6-B912-198A7F7A88E5}.Release|Win32.ActiveCfg = Release|Win32
		{772C2111-BBBF-49E6-B912-198A7F7A88E5}.Release|Win32.Build.0 = Release|Win32
		{F6381D5E-A5AF-4B9F-9FE0-9691A334BE42}.Debug|Win32.ActiveCfg = Debug|Win32
		{F6381D5E-A5AF-4B9F-9FE0-9691A334BE42}.Debug|Win32.Build.0 = Debug|Win32
		{F6381D5E-A5AF-4B9F-9FE0-9691A334BE42}.Release|Win32.ActiveCfg = Release|Win32
		{F6381D5E-A5AF-4B9F-9FE0-9691A334BE42}.Release|Win32.Build.0 = Release|Win32
	EndGlobalSection
	GlobalSection(SolutionProperties) = preSolution
		HideSolutionNode = FALSE
	EndGlobalSection
EndGlobal
