Microsoft Visual Studio Solution File, Format Version 10.00
# Visual Studio 2008
Project("{8BC9CEB8-8B4A-11D0-8D11-00A0C91BC942}") = "flush_user", "flush_user.vcproj", "{6012883E-3670-40AD-B86F-E743F0B685CA}"
	ProjectSection(ProjectDependencies) = postProject
		{EE70513E-C9C9-48E4-B755-0A3E2BA67EAC} = {EE70513E-C9C9-48E4-B755-0A3E2BA67EAC}
	EndProjectSection
EndProject
Project("{8BC9CEB8-8B4A-11D0-8D11-00A0C91BC942}") = "libspread", "libspread.vcproj", "{EE70513E-C9C9-48E4-B755-0A3E2BA67EAC}"
EndProject
Project("{8BC9CEB8-8B4A-11D0-8D11-00A0C91BC942}") = "libspread-core", "libspread-core.vcproj", "{7246DB18-3A39-4BDE-AD6B-E1005AC97BAC}"
EndProject
Project("{8BC9CEB8-8B4A-11D0-8D11-00A0C91BC942}") = "libtspread-core", "libtspread-core.vcproj", "{D9EAA453-4F3C-44BA-8C39-1FFFBC00BB2F}"
EndProject
Project("{8BC9CEB8-8B4A-11D0-8D11-00A0C91BC942}") = "spflooder", "spflooder.vcproj", "{112A90EA-43CD-4AA8-A643-7EBE9621682B}"
	ProjectSection(ProjectDependencies) = postProject
		{7246DB18-3A39-4BDE-AD6B-E1005AC97BAC} = {7246DB18-3A39-4BDE-AD6B-E1005AC97BAC}
	EndProjectSection
EndProject
Project("{8BC9CEB8-8B4A-11D0-8D11-00A0C91BC942}") = "spread", "spread.vcproj", "{02F944E4-A8BA-4056-81B3-DCB5670D9D5C}"
EndProject
Project("{8BC9CEB8-8B4A-11D0-8D11-00A0C91BC942}") = "sprecv", "sprecv.vcproj", "{38B75249-009F-4570-8768-5E8734A8A5B0}"
EndProject
Project("{8BC9CEB8-8B4A-11D0-8D11-00A0C91BC942}") = "spsend", "spsend.vcproj", "{2FAF2AD2-FF0A-432E-958A-FEFB66641000}"
EndProject
Project("{8BC9CEB8-8B4A-11D0-8D11-00A0C91BC942}") = "sptmonitor", "sptmonitor.vcproj", "{0E288E97-3DFB-414A-92E1-AA2482969B03}"
EndProject
Project("{8BC9CEB8-8B4A-11D0-8D11-00A0C91BC942}") = "sptuser", "sptuser.vcproj", "{6203486C-3DF4-4C17-B029-1BE1111B7344}"
	ProjectSection(ProjectDependencies) = postProject
		{EE70513E-C9C9-48E4-B755-0A3E2BA67EAC} = {EE70513E-C9C9-48E4-B755-0A3E2BA67EAC}
	EndProjectSection
EndProject
Project("{8BC9CEB8-8B4A-11D0-8D11-00A0C91BC942}") = "spuser", "spuser.vcproj", "{AD47C277-A7FA-410F-8869-F9D97104B9D7}"
	ProjectSection(ProjectDependencies) = postProject
		{7246DB18-3A39-4BDE-AD6B-E1005AC97BAC} = {7246DB18-3A39-4BDE-AD6B-E1005AC97BAC}
	EndProjectSection
EndProject
Global
	GlobalSection(SolutionConfigurationPlatforms) = preSolution
		Debug|Win32 = Debug|Win32
		Release|Win32 = Release|Win32
	EndGlobalSection
	GlobalSection(ProjectConfigurationPlatforms) = postSolution
		{6012883E-3670-40AD-B86F-E743F0B685CA}.Debug|Win32.ActiveCfg = Debug|Win32
		{6012883E-3670-40AD-B86F-E743F0B685CA}.Debug|Win32.Build.0 = Debug|Win32
		{6012883E-3670-40AD-B86F-E743F0B685CA}.Release|Win32.ActiveCfg = Release|Win32
		{6012883E-3670-40AD-B86F-E743F0B685CA}.Release|Win32.Build.0 = Release|Win32
		{EE70513E-C9C9-48E4-B755-0A3E2BA67EAC}.Debug|Win32.ActiveCfg = Debug|Win32
		{EE70513E-C9C9-48E4-B755-0A3E2BA67EAC}.Debug|Win32.Build.0 = Debug|Win32
		{EE70513E-C9C9-48E4-B755-0A3E2BA67EAC}.Release|Win32.ActiveCfg = Release|Win32
		{EE70513E-C9C9-48E4-B755-0A3E2BA67EAC}.Release|Win32.Build.0 = Release|Win32
		{7246DB18-3A39-4BDE-AD6B-E1005AC97BAC}.Debug|Win32.ActiveCfg = Debug|Win32
		{7246DB18-3A39-4BDE-AD6B-E1005AC97BAC}.Debug|Win32.Build.0 = Debug|Win32
		{7246DB18-3A39-4BDE-AD6B-E1005AC97BAC}.Release|Win32.ActiveCfg = Release|Win32
		{7246DB18-3A39-4BDE-AD6B-E1005AC97BAC}.Release|Win32.Build.0 = Release|Win32
		{D9EAA453-4F3C-44BA-8C39-1FFFBC00BB2F}.Debug|Win32.ActiveCfg = Debug|Win32
		{D9EAA453-4F3C-44BA-8C39-1FFFBC00BB2F}.Debug|Win32.Build.0 = Debug|Win32
		{D9EAA453-4F3C-44BA-8C39-1FFFBC00BB2F}.Release|Win32.ActiveCfg = Release|Win32
		{D9EAA453-4F3C-44BA-8C39-1FFFBC00BB2F}.Release|Win32.Build.0 = Release|Win32
		{112A90EA-43CD-4AA8-A643-7EBE9621682B}.Debug|Win32.ActiveCfg = Debug|Win32
		{112A90EA-43CD-4AA8-A643-7EBE9621682B}.Debug|Win32.Build.0 = Debug|Win32
		{112A90EA-43CD-4AA8-A643-7EBE9621682B}.Release|Win32.ActiveCfg = Release|Win32
		{112A90EA-43CD-4AA8-A643-7EBE9621682B}.Release|Win32.Build.0 = Release|Win32
		{02F944E4-A8BA-4056-81B3-DCB5670D9D5C}.Debug|Win32.ActiveCfg = Debug|Win32
		{02F944E4-A8BA-4056-81B3-DCB5670D9D5C}.Debug|Win32.Build.0 = Debug|Win32
		{02F944E4-A8BA-4056-81B3-DCB5670D9D5C}.Release|Win32.ActiveCfg = Release|Win32
		{02F944E4-A8BA-4056-81B3-DCB5670D9D5C}.Release|Win32.Build.0 = Release|Win32
		{38B75249-009F-4570-8768-5E8734A8A5B0}.Debug|Win32.ActiveCfg = Debug|Win32
		{38B75249-009F-4570-8768-5E8734A8A5B0}.Debug|Win32.Build.0 = Debug|Win32
		{38B75249-009F-4570-8768-5E8734A8A5B0}.Release|Win32.ActiveCfg = Release|Win32
		{38B75249-009F-4570-8768-5E8734A8A5B0}.Release|Win32.Build.0 = Release|Win32
		{2FAF2AD2-FF0A-432E-958A-FEFB66641000}.Debug|Win32.ActiveCfg = Debug|Win32
		{2FAF2AD2-FF0A-432E-958A-FEFB66641000}.Debug|Win32.Build.0 = Debug|Win32
		{2FAF2AD2-FF0A-432E-958A-FEFB66641000}.Release|Win32.ActiveCfg = Release|Win32
		{2FAF2AD2-FF0A-432E-958A-FEFB66641000}.Release|Win32.Build.0 = Release|Win32
		{0E288E97-3DFB-414A-92E1-AA2482969B03}.Debug|Win32.ActiveCfg = Debug|Win32
		{0E288E97-3DFB-414A-92E1-AA2482969B03}.Debug|Win32.Build.0 = Debug|Win32
		{0E288E97-3DFB-414A-92E1-AA2482969B03}.Release|Win32.ActiveCfg = Release|Win32
		{0E288E97-3DFB-414A-92E1-AA2482969B03}.Release|Win32.Build.0 = Release|Win32
		{6203486C-3DF4-4C17-B029-1BE1111B7344}.Debug|Win32.ActiveCfg = Debug|Win32
		{6203486C-3DF4-4C17-B029-1BE1111B7344}.Debug|Win32.Build.0 = Debug|Win32
		{6203486C-3DF4-4C17-B029-1BE1111B7344}.Release|Win32.ActiveCfg = Release|Win32
		{6203486C-3DF4-4C17-B029-1BE1111B7344}.Release|Win32.Build.0 = Release|Win32
		{AD47C277-A7FA-410F-8869-F9D97104B9D7}.Debug|Win32.ActiveCfg = Debug|Win32
		{AD47C277-A7FA-410F-8869-F9D97104B9D7}.Debug|Win32.Build.0 = Debug|Win32
		{AD47C277-A7FA-410F-8869-F9D97104B9D7}.Release|Win32.ActiveCfg = Release|Win32
		{AD47C277-A7FA-410F-8869-F9D97104B9D7}.Release|Win32.Build.0 = Release|Win32
	EndGlobalSection
	GlobalSection(SolutionProperties) = preSolution
		HideSolutionNode = FALSE
	EndGlobalSection
EndGlobal
