<?xml version="1.0" encoding="utf-8"?>
<Project ToolsVersion="4.0" xmlns="http://schemas.microsoft.com/developer/msbuild/2003">
  <ItemGroup>
    <Filter Include="소스 파일">
      <UniqueIdentifier>{4FC737F1-C7A5-4376-A066-2A32D752A2FF}</UniqueIdentifier>
      <Extensions>cpp;c;cc;cxx;def;odl;idl;hpj;bat;asm;asmx</Extensions>
    </Filter>
    <Filter Include="헤더 파일">
      <UniqueIdentifier>{93995380-89BD-4b04-88EB-625FBE52EBFB}</UniqueIdentifier>
      <Extensions>h;hpp;hxx;hm;inl;inc;xsd</Extensions>
    </Filter>
    <Filter Include="리소스 파일">
      <UniqueIdentifier>{67DA6AB6-F800-4c08-8B7A-83BB121AAD01}</UniqueIdentifier>
      <Extensions>rc;ico;cur;bmp;dlg;rc2;rct;bin;rgs;gif;jpg;jpeg;jpe;resx;tiff;tif;png;wav;mfcribbon-ms</Extensions>
    </Filter>
  </ItemGroup>
  <ItemGroup>
    <None Include="ReadMe.txt" />
    <None Include="..\README" />
    <None Include="..\README.bak" />
  </ItemGroup>
  <ItemGroup>
    <ClInclude Include="stdafx.h">
      <Filter>헤더 파일</Filter>
    </ClInclude>
    <ClInclude Include="targetver.h">
      <Filter>헤더 파일</Filter>
    </ClInclude>
    <ClInclude Include="..\CondVar.h">
      <Filter>헤더 파일</Filter>
    </ClInclude>
    <ClInclude Include="..\Config.h">
      <Filter>헤더 파일</Filter>
    </ClInclude>
    <ClInclude Include="..\Defines.h">
      <Filter>헤더 파일</Filter>
    </ClInclude>
    <ClInclude Include="..\Exception.h">
      <Filter>헤더 파일</Filter>
    </ClInclude>
    <ClInclude Include="..\gettimeofday.h">
      <Filter>헤더 파일</Filter>
    </ClInclude>
    <ClInclude Include="..\Guard.h">
      <Filter>헤더 파일</Filter>
    </ClInclude>
    <ClInclude Include="..\Log.h">
      <Filter>헤더 파일</Filter>
    </ClInclude>
    <ClInclude Include="..\MsgQueue_T.h">
      <Filter>헤더 파일</Filter>
    </ClInclude>
    <ClInclude Include="..\Mutex.h">
      <Filter>헤더 파일</Filter>
    </ClInclude>
    <ClInclude Include="..\MutexNull.h">
      <Filter>헤더 파일</Filter>
    </ClInclude>
    <ClInclude Include="..\SelectTimer.h">
      <Filter>헤더 파일</Filter>
    </ClInclude>
    <ClInclude Include="..\spthread.h">
      <Filter>헤더 파일</Filter>
    </ClInclude>
    <ClInclude Include="..\Task.h">
      <Filter>헤더 파일</Filter>
    </ClInclude>
    <ClInclude Include="..\Thread.h">
      <Filter>헤더 파일</Filter>
    </ClInclude>
    <ClInclude Include="..\threadpool.h">
      <Filter>헤더 파일</Filter>
    </ClInclude>
    <ClInclude Include="..\ThreadWithMsgQueue.h">
      <Filter>헤더 파일</Filter>
    </ClInclude>
    <ClInclude Include="..\timeval.h">
      <Filter>헤더 파일</Filter>
    </ClInclude>
    <ClInclude Include="..\X1.h">
      <Filter>헤더 파일</Filter>
    </ClInclude>
  </ItemGroup>
  <ItemGroup>
    <ClCompile Include="stdafx.cpp">
      <Filter>소스 파일</Filter>
    </ClCompile>
    <ClCompile Include="TestTimer.cpp">
      <Filter>소스 파일</Filter>
    </ClCompile>
    <ClCompile Include="..\CondVar.cpp">
      <Filter>소스 파일</Filter>
    </ClCompile>
    <ClCompile Include="..\Exception.cpp">
      <Filter>소스 파일</Filter>
    </ClCompile>
    <ClCompile Include="..\gettimeofday.cpp">
      <Filter>소스 파일</Filter>
    </ClCompile>
    <ClCompile Include="..\Mutex.cpp">
      <Filter>소스 파일</Filter>
    </ClCompile>
    <ClCompile Include="..\SelectTimer.cpp">
      <Filter>소스 파일</Filter>
    </ClCompile>
    <ClCompile Include="..\spthread.cpp">
      <Filter>소스 파일</Filter>
    </ClCompile>
    <ClCompile Include="..\Task.cpp">
      <Filter>소스 파일</Filter>
    </ClCompile>
    <ClCompile Include="..\Thread.cpp">
      <Filter>소스 파일</Filter>
    </ClCompile>
    <ClCompile Include="..\threadpool.cpp">
      <Filter>소스 파일</Filter>
    </ClCompile>
    <ClCompile Include="..\ThreadWithMsgQueue.cpp">
      <Filter>소스 파일</Filter>
    </ClCompile>
    <ClCompile Include="..\timeval.cpp">
      <Filter>소스 파일</Filter>
    </ClCompile>
  </ItemGroup>
</Project>