<?xml version="1.0" encoding="utf-8"?>
<Project ToolsVersion="4.0" xmlns="http://schemas.microsoft.com/developer/msbuild/2003">
  <ItemGroup>
    <ClInclude Include="..\main.h" />
    <ClInclude Include="..\httpmsgdispatcherdic.h">
      <Filter>dictionary</Filter>
    </ClInclude>
    <ClInclude Include="..\ihttpmsgdispatcher.h">
      <Filter>http</Filter>
    </ClInclude>
    <ClInclude Include="..\packethandler.h">
      <Filter>handler</Filter>
    </ClInclude>
    <ClInclude Include="..\httpmsgindex.h">
      <Filter>http</Filter>
    </ClInclude>
    <ClInclude Include="..\httpmsgreq.h">
      <Filter>http</Filter>
    </ClInclude>
    <ClInclude Include="..\dispatchtask.h">
      <Filter>task</Filter>
    </ClInclude>
    <ClInclude Include="..\networktask.h">
      <Filter>task</Filter>
    </ClInclude>
    <ClInclude Include="..\httpmsgnotfound.h">
      <Filter>http</Filter>
    </ClInclude>
    <ClInclude Include="..\httpmsgres.h">
      <Filter>http</Filter>
    </ClInclude>
    <ClInclude Include="..\http.h">
      <Filter>http</Filter>
    </ClInclude>
  </ItemGroup>
  <ItemGroup>
    <ClCompile Include="..\main.cpp" />
    <ClCompile Include="..\packethandler.cpp">
      <Filter>handler</Filter>
    </ClCompile>
    <ClCompile Include="..\ihttpmsgdispatcher.cpp">
      <Filter>http</Filter>
    </ClCompile>
    <ClCompile Include="..\httpmsgdispatcherdic.cpp">
      <Filter>dictionary</Filter>
    </ClCompile>
    <ClCompile Include="..\httpmsgreq.cpp">
      <Filter>http</Filter>
    </ClCompile>
    <ClCompile Include="..\httpmsgindex.cpp">
      <Filter>http</Filter>
    </ClCompile>
    <ClCompile Include="..\dispatchtask.cpp">
      <Filter>task</Filter>
    </ClCompile>
    <ClCompile Include="..\networktask.cpp">
      <Filter>task</Filter>
    </ClCompile>
    <ClCompile Include="..\httpmsgnotfound.cpp">
      <Filter>http</Filter>
    </ClCompile>
    <ClCompile Include="..\http.cpp">
      <Filter>http</Filter>
    </ClCompile>
    <ClCompile Include="..\httpmsgres.cpp">
      <Filter>http</Filter>
    </ClCompile>
  </ItemGroup>
  <ItemGroup>
    <Filter Include="dictionary">
      <UniqueIdentifier>{cbc7432b-3b58-4631-8dd4-8d84f379849f}</UniqueIdentifier>
    </Filter>
    <Filter Include="handler">
      <UniqueIdentifier>{c4644f68-8158-492e-a868-8fe6544e3035}</UniqueIdentifier>
    </Filter>
    <Filter Include="http">
      <UniqueIdentifier>{97cc202a-0937-420e-8eb2-a34b1db8db9d}</UniqueIdentifier>
    </Filter>
    <Filter Include="task">
      <UniqueIdentifier>{8e398dbe-dfec-40de-8529-968901f70b4d}</UniqueIdentifier>
    </Filter>
  </ItemGroup>
</Project>