<?xml version="1.0" encoding="utf-8"?>
<Project ToolsVersion="4.0" xmlns="http://schemas.microsoft.com/developer/msbuild/2003">
  <ItemGroup>
    <ClCompile Include="src\BaseApplication.cpp">
      <Filter>Source</Filter>
    </ClCompile>
    <ClCompile Include="src\CollisionTools.cpp">
      <Filter>Source</Filter>
    </ClCompile>
    <ClCompile Include="src\Config.cpp">
      <Filter>Source</Filter>
    </ClCompile>
    <ClCompile Include="src\Debug.cpp">
      <Filter>Source</Filter>
    </ClCompile>
    <ClCompile Include="src\Fighter.cpp">
      <Filter>Source</Filter>
    </ClCompile>
    <ClCompile Include="src\InputController.cpp">
      <Filter>Source</Filter>
    </ClCompile>
    <ClCompile Include="src\Sky.cpp">
      <Filter>Source</Filter>
    </ClCompile>
    <ClCompile Include="src\Target.cpp">
      <Filter>Source</Filter>
    </ClCompile>
    <ClCompile Include="src\Terrain.cpp">
      <Filter>Source</Filter>
    </ClCompile>
    <ClCompile Include="src\VisualX.cpp">
      <Filter>Source</Filter>
    </ClCompile>
    <ClCompile Include="src\Ocean.cpp">
      <Filter>Source</Filter>
    </ClCompile>
    <ClCompile Include="src\StdAfx.cpp">
      <Filter>Source</Filter>
    </ClCompile>
  </ItemGroup>
  <ItemGroup>
    <ClInclude Include="include\BaseApplication.h">
      <Filter>Include</Filter>
    </ClInclude>
    <ClInclude Include="include\CollisionTools.h">
      <Filter>Include</Filter>
    </ClInclude>
    <ClInclude Include="include\Config.h">
      <Filter>Include</Filter>
    </ClInclude>
    <ClInclude Include="src\Debug.h">
      <Filter>Include</Filter>
    </ClInclude>
    <ClInclude Include="include\Fighter.h">
      <Filter>Include</Filter>
    </ClInclude>
    <ClInclude Include="include\InputController.h">
      <Filter>Include</Filter>
    </ClInclude>
    <ClInclude Include="src\Ocean.h">
      <Filter>Include</Filter>
    </ClInclude>
    <ClInclude Include="res\Resource.h">
      <Filter>Include</Filter>
    </ClInclude>
    <ClInclude Include="src\StdAfx.h">
      <Filter>Include</Filter>
    </ClInclude>
    <ClInclude Include="include\Target.h">
      <Filter>Include</Filter>
    </ClInclude>
    <ClInclude Include="src\Sky.h">
      <Filter>Include</Filter>
    </ClInclude>
    <ClInclude Include="include\Terrain.h">
      <Filter>Include</Filter>
    </ClInclude>
    <ClInclude Include="include\VisualX.h">
      <Filter>Include</Filter>
    </ClInclude>
  </ItemGroup>
  <ItemGroup>
    <None Include="docs\ReadMe.txt" />
    <None Include="res\VisualX.ico">
      <Filter>Resource</Filter>
    </None>
  </ItemGroup>
  <ItemGroup>
    <Filter Include="Include">
      <UniqueIdentifier>{5fdff23d-49e5-4757-bd32-7398385fd30d}</UniqueIdentifier>
    </Filter>
    <Filter Include="Source">
      <UniqueIdentifier>{309224ce-1260-4fcd-94bf-f943a1f878e5}</UniqueIdentifier>
    </Filter>
    <Filter Include="Resource">
      <UniqueIdentifier>{7ad0020b-60b0-4b71-8092-37daa7c1f868}</UniqueIdentifier>
    </Filter>
  </ItemGroup>
  <ItemGroup>
    <ResourceCompile Include="res\VisualX.rc">
      <Filter>Resource</Filter>
    </ResourceCompile>
  </ItemGroup>
</Project>