
Microsoft Visual Studio Solution File, Format Version 11.00
# Visual Studio 2010
Project("{8BC9CEB8-8B4A-11D0-8D11-00A0C91BC942}") = "server", "server\server.vcxproj", "{D0795302-BA3D-4E1C-B475-C877D3191CDA}"
EndProject
Project("{8BC9CEB8-8B4A-11D0-8D11-00A0C91BC942}") = "client", "..\client\client.vcxproj", "{C28616AF-E0B5-4273-A342-0CD3507B2338}"
EndProject
Global
	GlobalSection(SolutionConfigurationPlatforms) = preSolution
		Debug|Win32 = Debug|Win32
		Release|Win32 = Release|Win32
	EndGlobalSection
	GlobalSection(ProjectConfigurationPlatforms) = postSolution
		{D0795302-BA3D-4E1C-B475-C877D3191CDA}.Debug|Win32.ActiveCfg = Debug|Win32
		{D0795302-BA3D-4E1C-B475-C877D3191CDA}.Debug|Win32.Build.0 = Debug|Win32
		{D0795302-BA3D-4E1C-B475-C877D3191CDA}.Release|Win32.ActiveCfg = Release|Win32
		{D0795302-BA3D-4E1C-B475-C877D3191CDA}.Release|Win32.Build.0 = Release|Win32
		{C28616AF-E0B5-4273-A342-0CD3507B2338}.Debug|Win32.ActiveCfg = Debug|Win32
		{C28616AF-E0B5-4273-A342-0CD3507B2338}.Debug|Win32.Build.0 = Debug|Win32
		{C28616AF-E0B5-4273-A342-0CD3507B2338}.Release|Win32.ActiveCfg = Release|Win32
		{C28616AF-E0B5-4273-A342-0CD3507B2338}.Release|Win32.Build.0 = Release|Win32
	EndGlobalSection
	GlobalSection(SolutionProperties) = preSolution
		HideSolutionNode = FALSE
	EndGlobalSection
EndGlobal
