Microsoft Visual Studio Solution File, Format Version 11.00
# Visual Studio 2010
Project("{8BC9CEB8-8B4A-11D0-8D11-00A0C91BC942}") = "ALL_BUILD", "ALL_BUILD.vcxproj", "{825DDAE1-41C1-4075-8B6A-7ABEF80FCDF2}"
	ProjectSection(ProjectDependencies) = postProject
		{53CD6C60-B1DC-44CD-B93E-BC9F69332190} = {53CD6C60-B1DC-44CD-B93E-BC9F69332190}
	EndProjectSection
EndProject
Project("{8BC9CEB8-8B4A-11D0-8D11-00A0C91BC942}") = "INSTALL", "INSTALL.vcxproj", "{244719C1-247A-407A-A6E4-BDE6E3C31748}"
	ProjectSection(ProjectDependencies) = postProject
		{825DDAE1-41C1-4075-8B6A-7ABEF80FCDF2} = {825DDAE1-41C1-4075-8B6A-7ABEF80FCDF2}
	EndProjectSection
EndProject
Project("{8BC9CEB8-8B4A-11D0-8D11-00A0C91BC942}") = "SkyX", "SkyX.vcxproj", "{53CD6C60-B1DC-44CD-B93E-BC9F69332190}"
	ProjectSection(ProjectDependencies) = postProject
		{D2F87F0B-317F-442D-822E-50E08E849EEE} = {D2F87F0B-317F-442D-822E-50E08E849EEE}
	EndProjectSection
EndProject
Project("{8BC9CEB8-8B4A-11D0-8D11-00A0C91BC942}") = "ZERO_CHECK", "..\ZERO_CHECK.vcxproj", "{D2F87F0B-317F-442D-822E-50E08E849EEE}"
	ProjectSection(ProjectDependencies) = postProject
	EndProjectSection
EndProject
Global
	GlobalSection(SolutionConfigurationPlatforms) = preSolution
		Debug|Win32 = Debug|Win32
		Release|Win32 = Release|Win32
		MinSizeRel|Win32 = MinSizeRel|Win32
		RelWithDebInfo|Win32 = RelWithDebInfo|Win32
	EndGlobalSection
	GlobalSection(ProjectConfigurationPlatforms) = postSolution
		{825DDAE1-41C1-4075-8B6A-7ABEF80FCDF2}.Debug|Win32.ActiveCfg = Debug|Win32
		{825DDAE1-41C1-4075-8B6A-7ABEF80FCDF2}.Debug|Win32.Build.0 = Debug|Win32
		{825DDAE1-41C1-4075-8B6A-7ABEF80FCDF2}.Release|Win32.ActiveCfg = Release|Win32
		{825DDAE1-41C1-4075-8B6A-7ABEF80FCDF2}.Release|Win32.Build.0 = Release|Win32
		{825DDAE1-41C1-4075-8B6A-7ABEF80FCDF2}.MinSizeRel|Win32.ActiveCfg = MinSizeRel|Win32
		{825DDAE1-41C1-4075-8B6A-7ABEF80FCDF2}.MinSizeRel|Win32.Build.0 = MinSizeRel|Win32
		{825DDAE1-41C1-4075-8B6A-7ABEF80FCDF2}.RelWithDebInfo|Win32.ActiveCfg = RelWithDebInfo|Win32
		{825DDAE1-41C1-4075-8B6A-7ABEF80FCDF2}.RelWithDebInfo|Win32.Build.0 = RelWithDebInfo|Win32
		{244719C1-247A-407A-A6E4-BDE6E3C31748}.Debug|Win32.ActiveCfg = Debug|Win32
		{244719C1-247A-407A-A6E4-BDE6E3C31748}.Release|Win32.ActiveCfg = Release|Win32
		{244719C1-247A-407A-A6E4-BDE6E3C31748}.MinSizeRel|Win32.ActiveCfg = MinSizeRel|Win32
		{244719C1-247A-407A-A6E4-BDE6E3C31748}.RelWithDebInfo|Win32.ActiveCfg = RelWithDebInfo|Win32
		{53CD6C60-B1DC-44CD-B93E-BC9F69332190}.Debug|Win32.ActiveCfg = Debug|Win32
		{53CD6C60-B1DC-44CD-B93E-BC9F69332190}.Debug|Win32.Build.0 = Debug|Win32
		{53CD6C60-B1DC-44CD-B93E-BC9F69332190}.Release|Win32.ActiveCfg = Release|Win32
		{53CD6C60-B1DC-44CD-B93E-BC9F69332190}.Release|Win32.Build.0 = Release|Win32
		{53CD6C60-B1DC-44CD-B93E-BC9F69332190}.MinSizeRel|Win32.ActiveCfg = MinSizeRel|Win32
		{53CD6C60-B1DC-44CD-B93E-BC9F69332190}.MinSizeRel|Win32.Build.0 = MinSizeRel|Win32
		{53CD6C60-B1DC-44CD-B93E-BC9F69332190}.RelWithDebInfo|Win32.ActiveCfg = RelWithDebInfo|Win32
		{53CD6C60-B1DC-44CD-B93E-BC9F69332190}.RelWithDebInfo|Win32.Build.0 = RelWithDebInfo|Win32
		{D2F87F0B-317F-442D-822E-50E08E849EEE}.Debug|Win32.ActiveCfg = Debug|Win32
		{D2F87F0B-317F-442D-822E-50E08E849EEE}.Debug|Win32.Build.0 = Debug|Win32
		{D2F87F0B-317F-442D-822E-50E08E849EEE}.Release|Win32.ActiveCfg = Release|Win32
		{D2F87F0B-317F-442D-822E-50E08E849EEE}.Release|Win32.Build.0 = Release|Win32
		{D2F87F0B-317F-442D-822E-50E08E849EEE}.MinSizeRel|Win32.ActiveCfg = MinSizeRel|Win32
		{D2F87F0B-317F-442D-822E-50E08E849EEE}.MinSizeRel|Win32.Build.0 = MinSizeRel|Win32
		{D2F87F0B-317F-442D-822E-50E08E849EEE}.RelWithDebInfo|Win32.ActiveCfg = RelWithDebInfo|Win32
		{D2F87F0B-317F-442D-822E-50E08E849EEE}.RelWithDebInfo|Win32.Build.0 = RelWithDebInfo|Win32
	EndGlobalSection
	GlobalSection(ExtensibilityGlobals) = postSolution
	EndGlobalSection
	GlobalSection(ExtensibilityAddIns) = postSolution
	EndGlobalSection
EndGlobal
