<?xml version="1.0" encoding="utf-8"?>
<Project ToolsVersion="4.0" xmlns="http://schemas.microsoft.com/developer/msbuild/2003">
  <ItemGroup>
    <ClCompile Include="EntityReceiver.cpp" />
  </ItemGroup>
  <ItemGroup>
    <ClInclude Include="targetver.h" />
    <ClInclude Include="..\Dependency\Minimal\include\OPVEnum.h">
      <Filter>msg</Filter>
    </ClInclude>
    <ClInclude Include="..\Dependency\Minimal\include\Msg\rmOPV_Protocol.hpp">
      <Filter>msg</Filter>
    </ClInclude>
    <ClInclude Include="..\Dependency\Minimal\include\ExtendLibrary.hpp" />
  </ItemGroup>
  <ItemGroup>
    <Filter Include="msg">
      <UniqueIdentifier>{5d30400b-1485-4e05-b79b-01239f4c9253}</UniqueIdentifier>
    </Filter>
  </ItemGroup>
</Project>