<?xml version="1.0" encoding="utf-8"?>
<Project ToolsVersion="4.0" xmlns="http://schemas.microsoft.com/developer/msbuild/2003">
  <ItemGroup>
    <Filter Include="Source Files">
      <UniqueIdentifier>{4FC737F1-C7A5-4376-A066-2A32D752A2FF}</UniqueIdentifier>
      <Extensions>cpp;c;cc;cxx;def;odl;idl;hpj;bat;asm;asmx</Extensions>
    </Filter>
    <Filter Include="Header Files">
      <UniqueIdentifier>{3b63e6a7-a650-486b-bad3-d156c0b9fd91}</UniqueIdentifier>
    </Filter>
  </ItemGroup>
  <ItemGroup>
    <ClCompile Include="src\CCSBasicCameraModes.cpp">
      <Filter>Source Files</Filter>
    </ClCompile>
    <ClCompile Include="src\CCSCameraControlSystem.cpp">
      <Filter>Source Files</Filter>
    </ClCompile>
    <ClCompile Include="src\CCSFreeCameraMode.cpp">
      <Filter>Source Files</Filter>
    </ClCompile>
    <ClCompile Include="src\CCSOrbitalCameraMode.cpp">
      <Filter>Source Files</Filter>
    </ClCompile>
    <ClCompile Include="src\CCSPrerequisites.cpp">
      <Filter>Source Files</Filter>
    </ClCompile>
    <ClCompile Include="src\CCSSphericCameraMode.cpp">
      <Filter>Source Files</Filter>
    </ClCompile>
  </ItemGroup>
  <ItemGroup>
    <ClInclude Include="include\CCSBasicCameraModes.h">
      <Filter>Header Files</Filter>
    </ClInclude>
    <ClInclude Include="include\CCSCameraControlSystem.h">
      <Filter>Header Files</Filter>
    </ClInclude>
    <ClInclude Include="include\CCSFastDelegate.h">
      <Filter>Header Files</Filter>
    </ClInclude>
    <ClInclude Include="include\CCSFastDelegateBind.h">
      <Filter>Header Files</Filter>
    </ClInclude>
    <ClInclude Include="include\CCSFreeCameraMode.h">
      <Filter>Header Files</Filter>
    </ClInclude>
    <ClInclude Include="include\CCSOrbitalCameraMode.h">
      <Filter>Header Files</Filter>
    </ClInclude>
    <ClInclude Include="include\CCSPrerequisites.h">
      <Filter>Header Files</Filter>
    </ClInclude>
    <ClInclude Include="include\CCSSphericCameraMode.h">
      <Filter>Header Files</Filter>
    </ClInclude>
  </ItemGroup>
  <ItemGroup>
    <None Include="CameraControlSystem.cd" />
  </ItemGroup>
</Project>